
Microsoft Visual Studio Solution File, Format Version 12.00
# Visual Studio Version 17
VisualStudioVersion = 17.9.34723.18
MinimumVisualStudioVersion = 10.0.40219.1
Project("{9A19103F-16F7-4668-BE54-9A1E7A4F7556}") = "PRL", "PRL\PRL.csproj", "{F0ECFBAC-A10F-4626-ADFC-6B2BE01F5D30}"
EndProject
Project("{9A19103F-16F7-4668-BE54-9A1E7A4F7556}") = "DAL", "DAL\DAL.csproj", "{613687E7-00D9-4B3C-8695-013B3A77759C}"
EndProject
Project("{9A19103F-16F7-4668-BE54-9A1E7A4F7556}") = "BUS", "BUS\BUS.csproj", "{A75D6068-80F3-4A6F-85D5-1071D76A7106}"
EndProject
Project("{2150E333-8FDC-42A3-9474-1A3956D46DE8}") = "Solution Items", "Solution Items", "{B314C175-1644-4C75-8B2A-872F0A082780}"
	ProjectSection(SolutionItems) = preProject
		.editorconfig = .editorconfig
	EndProjectSection
EndProject
Global
	GlobalSection(SolutionConfigurationPlatforms) = preSolution
		Debug|Any CPU = Debug|Any CPU
		Release|Any CPU = Release|Any CPU
	EndGlobalSection
	GlobalSection(ProjectConfigurationPlatforms) = postSolution
		{F0ECFBAC-A10F-4626-ADFC-6B2BE01F5D30}.Debug|Any CPU.ActiveCfg = Debug|Any CPU
		{F0ECFBAC-A10F-4626-ADFC-6B2BE01F5D30}.Debug|Any CPU.Build.0 = Debug|Any CPU
		{F0ECFBAC-A10F-4626-ADFC-6B2BE01F5D30}.Release|Any CPU.ActiveCfg = Release|Any CPU
		{F0ECFBAC-A10F-4626-ADFC-6B2BE01F5D30}.Release|Any CPU.Build.0 = Release|Any CPU
		{613687E7-00D9-4B3C-8695-013B3A77759C}.Debug|Any CPU.ActiveCfg = Debug|Any CPU
		{613687E7-00D9-4B3C-8695-013B3A77759C}.Debug|Any CPU.Build.0 = Debug|Any CPU
		{613687E7-00D9-4B3C-8695-013B3A77759C}.Release|Any CPU.ActiveCfg = Release|Any CPU
		{613687E7-00D9-4B3C-8695-013B3A77759C}.Release|Any CPU.Build.0 = Release|Any CPU
		{A75D6068-80F3-4A6F-85D5-1071D76A7106}.Debug|Any CPU.ActiveCfg = Debug|Any CPU
		{A75D6068-80F3-4A6F-85D5-1071D76A7106}.Debug|Any CPU.Build.0 = Debug|Any CPU
		{A75D6068-80F3-4A6F-85D5-1071D76A7106}.Release|Any CPU.ActiveCfg = Release|Any CPU
		{A75D6068-80F3-4A6F-85D5-1071D76A7106}.Release|Any CPU.Build.0 = Release|Any CPU
	EndGlobalSection
	GlobalSection(SolutionProperties) = preSolution
		HideSolutionNode = FALSE
	EndGlobalSection
	GlobalSection(ExtensibilityGlobals) = postSolution
		SolutionGuid = {E10F1C91-A8A6-43C8-9B4E-12618F7C0546}
	EndGlobalSection
EndGlobal
